
Microsoft Visual Studio Solution File, Format Version 12.00
# Visual Studio Version 17
VisualStudioVersion = 17.12.35527.113
MinimumVisualStudioVersion = 10.0.40219.1
Project("{FAE04EC0-301F-11D3-BF4B-00C04F79EFBC}") = "ConApp01", "ConApp01\ConApp01.csproj", "{1B23D690-7854-4EDE-8788-48D56A9BB1C1}"
EndProject
Project("{FAE04EC0-301F-11D3-BF4B-00C04F79EFBC}") = "ADO.NETPractice", "ADO.NETPractice\ADO.NETPractice.csproj", "{68A33D47-544E-4B48-B6B3-9BDF25E34F55}"
EndProject
Project("{FAE04EC0-301F-11D3-BF4B-00C04F79EFBC}") = "ADO.NET(MVC)Practice", "ADO.NET(MVC)Practice\ADO.NET(MVC)Practice.csproj", "{516E5319-1AAC-4639-A22C-9E73A68585FF}"
EndProject
Global
	GlobalSection(SolutionConfigurationPlatforms) = preSolution
		Debug|Any CPU = Debug|Any CPU
		Release|Any CPU = Release|Any CPU
	EndGlobalSection
	GlobalSection(ProjectConfigurationPlatforms) = postSolution
		{1B23D690-7854-4EDE-8788-48D56A9BB1C1}.Debug|Any CPU.ActiveCfg = Debug|Any CPU
		{1B23D690-7854-4EDE-8788-48D56A9BB1C1}.Debug|Any CPU.Build.0 = Debug|Any CPU
		{1B23D690-7854-4EDE-8788-48D56A9BB1C1}.Release|Any CPU.ActiveCfg = Release|Any CPU
		{1B23D690-7854-4EDE-8788-48D56A9BB1C1}.Release|Any CPU.Build.0 = Release|Any CPU
		{68A33D47-544E-4B48-B6B3-9BDF25E34F55}.Debug|Any CPU.ActiveCfg = Debug|Any CPU
		{68A33D47-544E-4B48-B6B3-9BDF25E34F55}.Debug|Any CPU.Build.0 = Debug|Any CPU
		{68A33D47-544E-4B48-B6B3-9BDF25E34F55}.Release|Any CPU.ActiveCfg = Release|Any CPU
		{68A33D47-544E-4B48-B6B3-9BDF25E34F55}.Release|Any CPU.Build.0 = Release|Any CPU
		{516E5319-1AAC-4639-A22C-9E73A68585FF}.Debug|Any CPU.ActiveCfg = Debug|Any CPU
		{516E5319-1AAC-4639-A22C-9E73A68585FF}.Debug|Any CPU.Build.0 = Debug|Any CPU
		{516E5319-1AAC-4639-A22C-9E73A68585FF}.Release|Any CPU.ActiveCfg = Release|Any CPU
		{516E5319-1AAC-4639-A22C-9E73A68585FF}.Release|Any CPU.Build.0 = Release|Any CPU
	EndGlobalSection
	GlobalSection(SolutionProperties) = preSolution
		HideSolutionNode = FALSE
	EndGlobalSection
EndGlobal
