
Microsoft Visual Studio Solution File, Format Version 12.00
# Visual Studio Version 17
VisualStudioVersion = 17.12.35527.113
MinimumVisualStudioVersion = 10.0.40219.1
Project("{FAE04EC0-301F-11D3-BF4B-00C04F79EFBC}") = "RazorDemo", "MvcApp01\RazorDemo.csproj", "{1FF596B8-D08E-499F-B360-114ECD575127}"
EndProject
Project("{FAE04EC0-301F-11D3-BF4B-00C04F79EFBC}") = "BankingProject", "BankingProject\BankingProject.csproj", "{5073FECE-7988-43C7-9E1A-E87496C7DDD7}"
EndProject
Project("{FAE04EC0-301F-11D3-BF4B-00C04F79EFBC}") = "ShoppingMallProject", "ShoppingMallProject\ShoppingMallProject.csproj", "{91599278-2CC8-4E05-B060-38E2156F6271}"
EndProject
Global
	GlobalSection(SolutionConfigurationPlatforms) = preSolution
		Debug|Any CPU = Debug|Any CPU
		Release|Any CPU = Release|Any CPU
	EndGlobalSection
	GlobalSection(ProjectConfigurationPlatforms) = postSolution
		{1FF596B8-D08E-499F-B360-114ECD575127}.Debug|Any CPU.ActiveCfg = Debug|Any CPU
		{1FF596B8-D08E-499F-B360-114ECD575127}.Debug|Any CPU.Build.0 = Debug|Any CPU
		{1FF596B8-D08E-499F-B360-114ECD575127}.Release|Any CPU.ActiveCfg = Release|Any CPU
		{1FF596B8-D08E-499F-B360-114ECD575127}.Release|Any CPU.Build.0 = Release|Any CPU
		{5073FECE-7988-43C7-9E1A-E87496C7DDD7}.Debug|Any CPU.ActiveCfg = Debug|Any CPU
		{5073FECE-7988-43C7-9E1A-E87496C7DDD7}.Debug|Any CPU.Build.0 = Debug|Any CPU
		{5073FECE-7988-43C7-9E1A-E87496C7DDD7}.Release|Any CPU.ActiveCfg = Release|Any CPU
		{5073FECE-7988-43C7-9E1A-E87496C7DDD7}.Release|Any CPU.Build.0 = Release|Any CPU
		{91599278-2CC8-4E05-B060-38E2156F6271}.Debug|Any CPU.ActiveCfg = Debug|Any CPU
		{91599278-2CC8-4E05-B060-38E2156F6271}.Debug|Any CPU.Build.0 = Debug|Any CPU
		{91599278-2CC8-4E05-B060-38E2156F6271}.Release|Any CPU.ActiveCfg = Release|Any CPU
		{91599278-2CC8-4E05-B060-38E2156F6271}.Release|Any CPU.Build.0 = Release|Any CPU
	EndGlobalSection
	GlobalSection(SolutionProperties) = preSolution
		HideSolutionNode = FALSE
	EndGlobalSection
EndGlobal
